
Microsoft Visual Studio Solution File, Format Version 12.00
# Visual Studio Version 17
VisualStudioVersion = 17.13.35931.197
MinimumVisualStudioVersion = 10.0.40219.1
Project("{FAE04EC0-301F-11D3-BF4B-00C04F79EFBC}") = "MuseiChieseMarche", "MuseiChieseMarche\MuseiChieseMarche.csproj", "{A682254D-C673-4ABD-8B53-818860B7AA01}"
EndProject
Project("{FAE04EC0-301F-11D3-BF4B-00C04F79EFBC}") = "MuseiChiese.Modelli", "MuseiChiese.modelli\MuseiChiese.Modelli.csproj", "{A7C60553-3B9B-4CB8-8C73-61134005AB79}"
EndProject
Global
	GlobalSection(SolutionConfigurationPlatforms) = preSolution
		Debug|Any CPU = Debug|Any CPU
		Release|Any CPU = Release|Any CPU
	EndGlobalSection
	GlobalSection(ProjectConfigurationPlatforms) = postSolution
		{A682254D-C673-4ABD-8B53-818860B7AA01}.Debug|Any CPU.ActiveCfg = Debug|Any CPU
		{A682254D-C673-4ABD-8B53-818860B7AA01}.Debug|Any CPU.Build.0 = Debug|Any CPU
		{A682254D-C673-4ABD-8B53-818860B7AA01}.Release|Any CPU.ActiveCfg = Release|Any CPU
		{A682254D-C673-4ABD-8B53-818860B7AA01}.Release|Any CPU.Build.0 = Release|Any CPU
		{A7C60553-3B9B-4CB8-8C73-61134005AB79}.Debug|Any CPU.ActiveCfg = Debug|Any CPU
		{A7C60553-3B9B-4CB8-8C73-61134005AB79}.Debug|Any CPU.Build.0 = Debug|Any CPU
		{A7C60553-3B9B-4CB8-8C73-61134005AB79}.Release|Any CPU.ActiveCfg = Release|Any CPU
		{A7C60553-3B9B-4CB8-8C73-61134005AB79}.Release|Any CPU.Build.0 = Release|Any CPU
	EndGlobalSection
	GlobalSection(SolutionProperties) = preSolution
		HideSolutionNode = FALSE
	EndGlobalSection
	GlobalSection(ExtensibilityGlobals) = postSolution
		SolutionGuid = {FEE45A17-80C2-4C59-9305-91863A81C5F3}
	EndGlobalSection
EndGlobal
